
Microsoft Visual Studio Solution File, Format Version 12.00
# Visual Studio Version 16
VisualStudioVersion = 16.0.30523.141
MinimumVisualStudioVersion = 10.0.40219.1
Project("{FAE04EC0-301F-11D3-BF4B-00C04F79EFBC}") = "UDP packet sender", "UDP packet sender Tut\UDP packet sender.csproj", "{DC6BF425-120D-434C-AAB1-DA2A41798CD4}"
EndProject
Global
	GlobalSection(SolutionConfigurationPlatforms) = preSolution
		Debug|Any CPU = Debug|Any CPU
		Release|Any CPU = Release|Any CPU
	EndGlobalSection
	GlobalSection(ProjectConfigurationPlatforms) = postSolution
		{DC6BF425-120D-434C-AAB1-DA2A41798CD4}.Debug|Any CPU.ActiveCfg = Debug|Any CPU
		{DC6BF425-120D-434C-AAB1-DA2A41798CD4}.Debug|Any CPU.Build.0 = Debug|Any CPU
		{DC6BF425-120D-434C-AAB1-DA2A41798CD4}.Release|Any CPU.ActiveCfg = Release|Any CPU
		{DC6BF425-120D-434C-AAB1-DA2A41798CD4}.Release|Any CPU.Build.0 = Release|Any CPU
	EndGlobalSection
	GlobalSection(SolutionProperties) = preSolution
		HideSolutionNode = FALSE
	EndGlobalSection
	GlobalSection(ExtensibilityGlobals) = postSolution
		SolutionGuid = {D06405B0-3148-4626-A8EF-39434F4A75CF}
	EndGlobalSection
EndGlobal
